
Microsoft Visual Studio Solution File, Format Version 12.00
# Visual Studio 15
VisualStudioVersion = 15.0.27004.2006
MinimumVisualStudioVersion = 10.0.40219.1
Project("{FAE04EC0-301F-11D3-BF4B-00C04F79EFBC}") = "Handbol", "Handbol\Handbol.csproj", "{65AF9D0B-294E-485E-9F4F-3C66D30147DA}"
EndProject
Global
	GlobalSection(SolutionConfigurationPlatforms) = preSolution
		Debug|Any CPU = Debug|Any CPU
		Release|Any CPU = Release|Any CPU
	EndGlobalSection
	GlobalSection(ProjectConfigurationPlatforms) = postSolution
		{65AF9D0B-294E-485E-9F4F-3C66D30147DA}.Debug|Any CPU.ActiveCfg = Debug|Any CPU
		{65AF9D0B-294E-485E-9F4F-3C66D30147DA}.Debug|Any CPU.Build.0 = Debug|Any CPU
		{65AF9D0B-294E-485E-9F4F-3C66D30147DA}.Debug|Any CPU.Deploy.0 = Debug|Any CPU
		{65AF9D0B-294E-485E-9F4F-3C66D30147DA}.Release|Any CPU.ActiveCfg = Release|Any CPU
		{65AF9D0B-294E-485E-9F4F-3C66D30147DA}.Release|Any CPU.Build.0 = Release|Any CPU
		{65AF9D0B-294E-485E-9F4F-3C66D30147DA}.Release|Any CPU.Deploy.0 = Release|Any CPU
	EndGlobalSection
	GlobalSection(SolutionProperties) = preSolution
		HideSolutionNode = FALSE
	EndGlobalSection
	GlobalSection(ExtensibilityGlobals) = postSolution
		SolutionGuid = {0EA37428-7736-406C-8E87-BFA75321D79F}
	EndGlobalSection
EndGlobal
